// !$*UTF8*$!
{
	archiveVersion = 1;
	classes = {
	};
	objectVersion = 50;
	objects = {

/* Begin PBXBuildFile section */
		8492D40C25DFF71E001A4FE0 /* AppDelegate.swift in Sources */ = {isa = PBXBuildFile; fileRef = 8492D40B25DFF71E001A4FE0 /* AppDelegate.swift */; };
		8492D41225DFF71E001A4FE0 /* GameScene.swift in Sources */ = {isa = PBXBuildFile; fileRef = 8492D41125DFF71E001A4FE0 /* GameScene.swift */; };
		8492D41425DFF71E001A4FE0 /* GameViewController.swift in Sources */ = {isa = PBXBuildFile; fileRef = 8492D41325DFF71E001A4FE0 /* GameViewController.swift */; };
		8492D41725DFF71E001A4FE0 /* Main.storyboard in Resources */ = {isa = PBXBuildFile; fileRef = 8492D41525DFF71E001A4FE0 /* Main.storyboard */; };
		8492D41925DFF724001A4FE0 /* Assets.xcassets in Resources */ = {isa = PBXBuildFile; fileRef = 8492D41825DFF724001A4FE0 /* Assets.xcassets */; };
		8492D42325DFF7FD001A4FE0 /* GameScene.sks in Resources */ = {isa = PBXBuildFile; fileRef = 8492D42225DFF7FD001A4FE0 /* GameScene.sks */; };
		8492D43625DFF8C1001A4FE0 /* FireParticles.sks in Resources */ = {isa = PBXBuildFile; fileRef = 8492D42725DFF8C1001A4FE0 /* FireParticles.sks */; };
		8492D43725DFF8C1001A4FE0 /* ballBlue@2x.png in Resources */ = {isa = PBXBuildFile; fileRef = 8492D42825DFF8C1001A4FE0 /* ballBlue@2x.png */; };
		8492D43825DFF8C1001A4FE0 /* slotGlowBad@2x.png in Resources */ = {isa = PBXBuildFile; fileRef = 8492D42925DFF8C1001A4FE0 /* slotGlowBad@2x.png */; };
		8492D43925DFF8C1001A4FE0 /* ballYellow@2x.png in Resources */ = {isa = PBXBuildFile; fileRef = 8492D42A25DFF8C1001A4FE0 /* ballYellow@2x.png */; };
		8492D43A25DFF8C1001A4FE0 /* slotBaseGood@2x.png in Resources */ = {isa = PBXBuildFile; fileRef = 8492D42B25DFF8C1001A4FE0 /* slotBaseGood@2x.png */; };
		8492D43B25DFF8C1001A4FE0 /* ballPurple@2x.png in Resources */ = {isa = PBXBuildFile; fileRef = 8492D42C25DFF8C1001A4FE0 /* ballPurple@2x.png */; };
		8492D43C25DFF8C1001A4FE0 /* slotBaseBad@2x.png in Resources */ = {isa = PBXBuildFile; fileRef = 8492D42D25DFF8C1001A4FE0 /* slotBaseBad@2x.png */; };
		8492D43D25DFF8C1001A4FE0 /* ballGrey@2x.png in Resources */ = {isa = PBXBuildFile; fileRef = 8492D42E25DFF8C1001A4FE0 /* ballGrey@2x.png */; };
		8492D43E25DFF8C1001A4FE0 /* spark.png in Resources */ = {isa = PBXBuildFile; fileRef = 8492D42F25DFF8C1001A4FE0 /* spark.png */; };
		8492D43F25DFF8C1001A4FE0 /* bouncer@2x.png in Resources */ = {isa = PBXBuildFile; fileRef = 8492D43025DFF8C1001A4FE0 /* bouncer@2x.png */; };
		8492D44025DFF8C1001A4FE0 /* slotGlowGood@2x.png in Resources */ = {isa = PBXBuildFile; fileRef = 8492D43125DFF8C1001A4FE0 /* slotGlowGood@2x.png */; };
		8492D44125DFF8C1001A4FE0 /* ballRed@2x.png in Resources */ = {isa = PBXBuildFile; fileRef = 8492D43225DFF8C1001A4FE0 /* ballRed@2x.png */; };
		8492D44225DFF8C1001A4FE0 /* ballCyan@2x.png in Resources */ = {isa = PBXBuildFile; fileRef = 8492D43325DFF8C1001A4FE0 /* ballCyan@2x.png */; };
		8492D44325DFF8C1001A4FE0 /* background@2x.jpg in Resources */ = {isa = PBXBuildFile; fileRef = 8492D43425DFF8C1001A4FE0 /* background@2x.jpg */; };
		8492D44425DFF8C1001A4FE0 /* ballGreen@2x.png in Resources */ = {isa = PBXBuildFile; fileRef = 8492D43525DFF8C1001A4FE0 /* ballGreen@2x.png */; };
/* End PBXBuildFile section */

/* Begin PBXFileReference section */
		8492D40825DFF71E001A4FE0 /* 100DaysOfSwift-Project11.app */ = {isa = PBXFileReference; explicitFileType = wrapper.application; includeInIndex = 0; path = "100DaysOfSwift-Project11.app"; sourceTree = BUILT_PRODUCTS_DIR; };
		8492D40B25DFF71E001A4FE0 /* AppDelegate.swift */ = {isa = PBXFileReference; lastKnownFileType = sourcecode.swift; path = AppDelegate.swift; sourceTree = "<group>"; };
		8492D41125DFF71E001A4FE0 /* GameScene.swift */ = {isa = PBXFileReference; lastKnownFileType = sourcecode.swift; path = GameScene.swift; sourceTree = "<group>"; };
		8492D41325DFF71E001A4FE0 /* GameViewController.swift */ = {isa = PBXFileReference; lastKnownFileType = sourcecode.swift; path = GameViewController.swift; sourceTree = "<group>"; };
		8492D41625DFF71E001A4FE0 /* Base */ = {isa = PBXFileReference; lastKnownFileType = file.storyboard; name = Base; path = Base.lproj/Main.storyboard; sourceTree = "<group>"; };
		8492D41825DFF724001A4FE0 /* Assets.xcassets */ = {isa = PBXFileReference; lastKnownFileType = folder.assetcatalog; path = Assets.xcassets; sourceTree = "<group>"; };
		8492D41A25DFF724001A4FE0 /* Info.plist */ = {isa = PBXFileReference; lastKnownFileType = text.plist.xml; path = Info.plist; sourceTree = "<group>"; };
		8492D42225DFF7FD001A4FE0 /* GameScene.sks */ = {isa = PBXFileReference; lastKnownFileType = file.sks; path = GameScene.sks; sourceTree = "<group>"; };
		8492D42725DFF8C1001A4FE0 /* FireParticles.sks */ = {isa = PBXFileReference; lastKnownFileType = file.sks; path = FireParticles.sks; sourceTree = "<group>"; };
		8492D42825DFF8C1001A4FE0 /* ballBlue@2x.png */ = {isa = PBXFileReference; lastKnownFileType = image.png; path = "ballBlue@2x.png"; sourceTree = "<group>"; };
		8492D42925DFF8C1001A4FE0 /* slotGlowBad@2x.png */ = {isa = PBXFileReference; lastKnownFileType = image.png; path = "slotGlowBad@2x.png"; sourceTree = "<group>"; };
		8492D42A25DFF8C1001A4FE0 /* ballYellow@2x.png */ = {isa = PBXFileReference; lastKnownFileType = image.png; path = "ballYellow@2x.png"; sourceTree = "<group>"; };
		8492D42B25DFF8C1001A4FE0 /* slotBaseGood@2x.png */ = {isa = PBXFileReference; lastKnownFileType = image.png; path = "slotBaseGood@2x.png"; sourceTree = "<group>"; };
		8492D42C25DFF8C1001A4FE0 /* ballPurple@2x.png */ = {isa = PBXFileReference; lastKnownFileType = image.png; path = "ballPurple@2x.png"; sourceTree = "<group>"; };
		8492D42D25DFF8C1001A4FE0 /* slotBaseBad@2x.png */ = {isa = PBXFileReference; lastKnownFileType = image.png; path = "slotBaseBad@2x.png"; sourceTree = "<group>"; };
		8492D42E25DFF8C1001A4FE0 /* ballGrey@2x.png */ = {isa = PBXFileReference; lastKnownFileType = image.png; path = "ballGrey@2x.png"; sourceTree = "<group>"; };
		8492D42F25DFF8C1001A4FE0 /* spark.png */ = {isa = PBXFileReference; lastKnownFileType = image.png; path = spark.png; sourceTree = "<group>"; };
		8492D43025DFF8C1001A4FE0 /* bouncer@2x.png */ = {isa = PBXFileReference; lastKnownFileType = image.png; path = "bouncer@2x.png"; sourceTree = "<group>"; };
		8492D43125DFF8C1001A4FE0 /* slotGlowGood@2x.png */ = {isa = PBXFileReference; lastKnownFileType = image.png; path = "slotGlowGood@2x.png"; sourceTree = "<group>"; };
		8492D43225DFF8C1001A4FE0 /* ballRed@2x.png */ = {isa = PBXFileReference; lastKnownFileType = image.png; path = "ballRed@2x.png"; sourceTree = "<group>"; };
		8492D43325DFF8C1001A4FE0 /* ballCyan@2x.png */ = {isa = PBXFileReference; lastKnownFileType = image.png; path = "ballCyan@2x.png"; sourceTree = "<group>"; };
		8492D43425DFF8C1001A4FE0 /* background@2x.jpg */ = {isa = PBXFileReference; lastKnownFileType = image.jpeg; path = "background@2x.jpg"; sourceTree = "<group>"; };
		8492D43525DFF8C1001A4FE0 /* ballGreen@2x.png */ = {isa = PBXFileReference; lastKnownFileType = image.png; path = "ballGreen@2x.png"; sourceTree = "<group>"; };
/* End PBXFileReference section */

/* Begin PBXFrameworksBuildPhase section */
		8492D40525DFF71E001A4FE0 /* Frameworks */ = {
			isa = PBXFrameworksBuildPhase;
			buildActionMask = 2147483647;
			files = (
			);
			runOnlyForDeploymentPostprocessing = 0;
		};
/* End PBXFrameworksBuildPhase section */

/* Begin PBXGroup section */
		8492D3FF25DFF71E001A4FE0 = {
			isa = PBXGroup;
			children = (
				8492D40A25DFF71E001A4FE0 /* 100DaysOfSwift-Project11 */,
				8492D40925DFF71E001A4FE0 /* Products */,
			);
			sourceTree = "<group>";
		};
		8492D40925DFF71E001A4FE0 /* Products */ = {
			isa = PBXGroup;
			children = (
				8492D40825DFF71E001A4FE0 /* 100DaysOfSwift-Project11.app */,
			);
			name = Products;
			sourceTree = "<group>";
		};
		8492D40A25DFF71E001A4FE0 /* 100DaysOfSwift-Project11 */ = {
			isa = PBXGroup;
			children = (
				8492D42625DFF8C1001A4FE0 /* Content */,
				8492D40B25DFF71E001A4FE0 /* AppDelegate.swift */,
				8492D42225DFF7FD001A4FE0 /* GameScene.sks */,
				8492D41125DFF71E001A4FE0 /* GameScene.swift */,
				8492D41325DFF71E001A4FE0 /* GameViewController.swift */,
				8492D41525DFF71E001A4FE0 /* Main.storyboard */,
				8492D41825DFF724001A4FE0 /* Assets.xcassets */,
				8492D41A25DFF724001A4FE0 /* Info.plist */,
			);
			path = "100DaysOfSwift-Project11";
			sourceTree = "<group>";
		};
		8492D42625DFF8C1001A4FE0 /* Content */ = {
			isa = PBXGroup;
			children = (
				8492D42725DFF8C1001A4FE0 /* FireParticles.sks */,
				8492D42825DFF8C1001A4FE0 /* ballBlue@2x.png */,
				8492D42925DFF8C1001A4FE0 /* slotGlowBad@2x.png */,
				8492D42A25DFF8C1001A4FE0 /* ballYellow@2x.png */,
				8492D42B25DFF8C1001A4FE0 /* slotBaseGood@2x.png */,
				8492D42C25DFF8C1001A4FE0 /* ballPurple@2x.png */,
				8492D42D25DFF8C1001A4FE0 /* slotBaseBad@2x.png */,
				8492D42E25DFF8C1001A4FE0 /* ballGrey@2x.png */,
				8492D42F25DFF8C1001A4FE0 /* spark.png */,
				8492D43025DFF8C1001A4FE0 /* bouncer@2x.png */,
				8492D43125DFF8C1001A4FE0 /* slotGlowGood@2x.png */,
				8492D43225DFF8C1001A4FE0 /* ballRed@2x.png */,
				8492D43325DFF8C1001A4FE0 /* ballCyan@2x.png */,
				8492D43425DFF8C1001A4FE0 /* background@2x.jpg */,
				8492D43525DFF8C1001A4FE0 /* ballGreen@2x.png */,
			);
			path = Content;
			sourceTree = "<group>";
		};
/* End PBXGroup section */

/* Begin PBXNativeTarget section */
		8492D40725DFF71E001A4FE0 /* 100DaysOfSwift-Project11 */ = {
			isa = PBXNativeTarget;
			buildConfigurationList = 8492D41D25DFF724001A4FE0 /* Build configuration list for PBXNativeTarget "100DaysOfSwift-Project11" */;
			buildPhases = (
				8492D40425DFF71E001A4FE0 /* Sources */,
				8492D40525DFF71E001A4FE0 /* Frameworks */,
				8492D40625DFF71E001A4FE0 /* Resources */,
			);
			buildRules = (
			);
			dependencies = (
			);
			name = "100DaysOfSwift-Project11";
			productName = "100DaysOfSwift-Project11";
			productReference = 8492D40825DFF71E001A4FE0 /* 100DaysOfSwift-Project11.app */;
			productType = "com.apple.product-type.application";
		};
/* End PBXNativeTarget section */

/* Begin PBXProject section */
		8492D40025DFF71E001A4FE0 /* Project object */ = {
			isa = PBXProject;
			attributes = {
				LastSwiftUpdateCheck = 1240;
				LastUpgradeCheck = 1240;
				TargetAttributes = {
					8492D40725DFF71E001A4FE0 = {
						CreatedOnToolsVersion = 12.4;
					};
				};
			};
			buildConfigurationList = 8492D40325DFF71E001A4FE0 /* Build configuration list for PBXProject "100DaysOfSwift-Project11" */;
			compatibilityVersion = "Xcode 9.3";
			developmentRegion = en;
			hasScannedForEncodings = 0;
			knownRegions = (
				en,
				Base,
			);
			mainGroup = 8492D3FF25DFF71E001A4FE0;
			productRefGroup = 8492D40925DFF71E001A4FE0 /* Products */;
			projectDirPath = "";
			projectRoot = "";
			targets = (
				8492D40725DFF71E001A4FE0 /* 100DaysOfSwift-Project11 */,
			);
		};
/* End PBXProject section */

/* Begin PBXResourcesBuildPhase section */
		8492D40625DFF71E001A4FE0 /* Resources */ = {
			isa = PBXResourcesBuildPhase;
			buildActionMask = 2147483647;
			files = (
				8492D43925DFF8C1001A4FE0 /* ballYellow@2x.png in Resources */,
				8492D43E25DFF8C1001A4FE0 /* spark.png in Resources */,
				8492D44225DFF8C1001A4FE0 /* ballCyan@2x.png in Resources */,
				8492D44325DFF8C1001A4FE0 /* background@2x.jpg in Resources */,
				8492D43B25DFF8C1001A4FE0 /* ballPurple@2x.png in Resources */,
				8492D43725DFF8C1001A4FE0 /* ballBlue@2x.png in Resources */,
				8492D42325DFF7FD001A4FE0 /* GameScene.sks in Resources */,
				8492D43625DFF8C1001A4FE0 /* FireParticles.sks in Resources */,
				8492D43C25DFF8C1001A4FE0 /* slotBaseBad@2x.png in Resources */,
				8492D44425DFF8C1001A4FE0 /* ballGreen@2x.png in Resources */,
				8492D44125DFF8C1001A4FE0 /* ballRed@2x.png in Resources */,
				8492D43825DFF8C1001A4FE0 /* slotGlowBad@2x.png in Resources */,
				8492D41725DFF71E001A4FE0 /* Main.storyboard in Resources */,
				8492D43D25DFF8C1001A4FE0 /* ballGrey@2x.png in Resources */,
				8492D44025DFF8C1001A4FE0 /* slotGlowGood@2x.png in Resources */,
				8492D43F25DFF8C1001A4FE0 /* bouncer@2x.png in Resources */,
				8492D43A25DFF8C1001A4FE0 /* slotBaseGood@2x.png in Resources */,
				8492D41925DFF724001A4FE0 /* Assets.xcassets in Resources */,
			);
			runOnlyForDeploymentPostprocessing = 0;
		};
/* End PBXResourcesBuildPhase section */

/* Begin PBXSourcesBuildPhase section */
		8492D40425DFF71E001A4FE0 /* Sources */ = {
			isa = PBXSourcesBuildPhase;
			buildActionMask = 2147483647;
			files = (
				8492D41225DFF71E001A4FE0 /* GameScene.swift in Sources */,
				8492D41425DFF71E001A4FE0 /* GameViewController.swift in Sources */,
				8492D40C25DFF71E001A4FE0 /* AppDelegate.swift in Sources */,
			);
			runOnlyForDeploymentPostprocessing = 0;
		};
/* End PBXSourcesBuildPhase section */

/* Begin PBXVariantGroup section */
		8492D41525DFF71E001A4FE0 /* Main.storyboard */ = {
			isa = PBXVariantGroup;
			children = (
				8492D41625DFF71E001A4FE0 /* Base */,
			);
			name = Main.storyboard;
			sourceTree = "<group>";
		};
/* End PBXVariantGroup section */

/* Begin XCBuildConfiguration section */
		8492D41B25DFF724001A4FE0 /* Debug */ = {
			isa = XCBuildConfiguration;
			buildSettings = {
				ALWAYS_SEARCH_USER_PATHS = NO;
				CLANG_ANALYZER_NONNULL = YES;
				CLANG_ANALYZER_NUMBER_OBJECT_CONVERSION = YES_AGGRESSIVE;
				CLANG_CXX_LANGUAGE_STANDARD = "gnu++14";
				CLANG_CXX_LIBRARY = "libc++";
				CLANG_ENABLE_MODULES = YES;
				CLANG_ENABLE_OBJC_ARC = YES;
				CLANG_ENABLE_OBJC_WEAK = YES;
				CLANG_WARN_BLOCK_CAPTURE_AUTORELEASING = YES;
				CLANG_WARN_BOOL_CONVERSION = YES;
				CLANG_WARN_COMMA = YES;
				CLANG_WARN_CONSTANT_CONVERSION = YES;
				CLANG_WARN_DEPRECATED_OBJC_IMPLEMENTATIONS = YES;
				CLANG_WARN_DIRECT_OBJC_ISA_USAGE = YES_ERROR;
				CLANG_WARN_DOCUMENTATION_COMMENTS = YES;
				CLANG_WARN_EMPTY_BODY = YES;
				CLANG_WARN_ENUM_CONVERSION = YES;
				CLANG_WARN_INFINITE_RECURSION = YES;
				CLANG_WARN_INT_CONVERSION = YES;
				CLANG_WARN_NON_LITERAL_NULL_CONVERSION = YES;
				CLANG_WARN_OBJC_IMPLICIT_RETAIN_SELF = YES;
				CLANG_WARN_OBJC_LITERAL_CONVERSION = YES;
				CLANG_WARN_OBJC_ROOT_CLASS = YES_ERROR;
				CLANG_WARN_QUOTED_INCLUDE_IN_FRAMEWORK_HEADER = YES;
				CLANG_WARN_RANGE_LOOP_ANALYSIS = YES;
				CLANG_WARN_STRICT_PROTOTYPES = YES;
				CLANG_WARN_SUSPICIOUS_MOVE = YES;
				CLANG_WARN_UNGUARDED_AVAILABILITY = YES_AGGRESSIVE;
				CLANG_WARN_UNREACHABLE_CODE = YES;
				CLANG_WARN__DUPLICATE_METHOD_MATCH = YES;
				COPY_PHASE_STRIP = NO;
				DEBUG_INFORMATION_FORMAT = dwarf;
				ENABLE_STRICT_OBJC_MSGSEND = YES;
				ENABLE_TESTABILITY = YES;
				GCC_C_LANGUAGE_STANDARD = gnu11;
				GCC_DYNAMIC_NO_PIC = NO;
				GCC_NO_COMMON_BLOCKS = YES;
				GCC_OPTIMIZATION_LEVEL = 0;
				GCC_PREPROCESSOR_DEFINITIONS = (
					"DEBUG=1",
					"$(inherited)",
				);
				GCC_WARN_64_TO_32_BIT_CONVERSION = YES;
				GCC_WARN_ABOUT_RETURN_TYPE = YES_ERROR;
				GCC_WARN_UNDECLARED_SELECTOR = YES;
				GCC_WARN_UNINITIALIZED_AUTOS = YES_AGGRESSIVE;
				GCC_WARN_UNUSED_FUNCTION = YES;
				GCC_WARN_UNUSED_VARIABLE = YES;
				IPHONEOS_DEPLOYMENT_TARGET = 14.4;
				MTL_ENABLE_DEBUG_INFO = INCLUDE_SOURCE;
				MTL_FAST_MATH = YES;
				ONLY_ACTIVE_ARCH = YES;
				SDKROOT = iphoneos;
				SWIFT_ACTIVE_COMPILATION_CONDITIONS = DEBUG;
				SWIFT_OPTIMIZATION_LEVEL = "-Onone";
			};
			name = Debug;
		};
		8492D41C25DFF724001A4FE0 /* Release */ = {
			isa = XCBuildConfiguration;
			buildSettings = {
				ALWAYS_SEARCH_USER_PATHS = NO;
				CLANG_ANALYZER_NONNULL = YES;
				CLANG_ANALYZER_NUMBER_OBJECT_CONVERSION = YES_AGGRESSIVE;
				CLANG_CXX_LANGUAGE_STANDARD = "gnu++14";
				CLANG_CXX_LIBRARY = "libc++";
				CLANG_ENABLE_MODULES = YES;
				CLANG_ENABLE_OBJC_ARC = YES;
				CLANG_ENABLE_OBJC_WEAK = YES;
				CLANG_WARN_BLOCK_CAPTURE_AUTORELEASING = YES;
				CLANG_WARN_BOOL_CONVERSION = YES;
				CLANG_WARN_COMMA = YES;
				CLANG_WARN_CONSTANT_CONVERSION = YES;
				CLANG_WARN_DEPRECATED_OBJC_IMPLEMENTATIONS = YES;
				CLANG_WARN_DIRECT_OBJC_ISA_USAGE = YES_ERROR;
				CLANG_WARN_DOCUMENTATION_COMMENTS = YES;
				CLANG_WARN_EMPTY_BODY = YES;
				CLANG_WARN_ENUM_CONVERSION = YES;
				CLANG_WARN_INFINITE_RECURSION = YES;
				CLANG_WARN_INT_CONVERSION = YES;
				CLANG_WARN_NON_LITERAL_NULL_CONVERSION = YES;
				CLANG_WARN_OBJC_IMPLICIT_RETAIN_SELF = YES;
				CLANG_WARN_OBJC_LITERAL_CONVERSION = YES;
				CLANG_WARN_OBJC_ROOT_CLASS = YES_ERROR;
				CLANG_WARN_QUOTED_INCLUDE_IN_FRAMEWORK_HEADER = YES;
				CLANG_WARN_RANGE_LOOP_ANALYSIS = YES;
				CLANG_WARN_STRICT_PROTOTYPES = YES;
				CLANG_WARN_SUSPICIOUS_MOVE = YES;
				CLANG_WARN_UNGUARDED_AVAILABILITY = YES_AGGRESSIVE;
				CLANG_WARN_UNREACHABLE_CODE = YES;
				CLANG_WARN__DUPLICATE_METHOD_MATCH = YES;
				COPY_PHASE_STRIP = NO;
				DEBUG_INFORMATION_FORMAT = "dwarf-with-dsym";
				ENABLE_NS_ASSERTIONS = NO;
				ENABLE_STRICT_OBJC_MSGSEND = YES;
				GCC_C_LANGUAGE_STANDARD = gnu11;
				GCC_NO_COMMON_BLOCKS = YES;
				GCC_WARN_64_TO_32_BIT_CONVERSION = YES;
				GCC_WARN_ABOUT_RETURN_TYPE = YES_ERROR;
				GCC_WARN_UNDECLARED_SELECTOR = YES;
				GCC_WARN_UNINITIALIZED_AUTOS = YES_AGGRESSIVE;
				GCC_WARN_UNUSED_FUNCTION = YES;
				GCC_WARN_UNUSED_VARIABLE = YES;
				IPHONEOS_DEPLOYMENT_TARGET = 14.4;
				MTL_ENABLE_DEBUG_INFO = NO;
				MTL_FAST_MATH = YES;
				SDKROOT = iphoneos;
				SWIFT_COMPILATION_MODE = wholemodule;
				SWIFT_OPTIMIZATION_LEVEL = "-O";
				VALIDATE_PRODUCT = YES;
			};
			name = Release;
		};
		8492D41E25DFF724001A4FE0 /* Debug */ = {
			isa = XCBuildConfiguration;
			buildSettings = {
				ASSETCATALOG_COMPILER_APPICON_NAME = AppIcon;
				ASSETCATALOG_COMPILER_GLOBAL_ACCENT_COLOR_NAME = AccentColor;
				CODE_SIGN_STYLE = Automatic;
				INFOPLIST_FILE = "100DaysOfSwift-Project11/Info.plist";
				LD_RUNPATH_SEARCH_PATHS = (
					"$(inherited)",
					"@executable_path/Frameworks",
				);
				PRODUCT_BUNDLE_IDENTIFIER = "co.joaocervo.-00DaysOfSwift-Project11";
				PRODUCT_NAME = "$(TARGET_NAME)";
				SWIFT_VERSION = 5.0;
				TARGETED_DEVICE_FAMILY = "1,2";
			};
			name = Debug;
		};
		8492D41F25DFF724001A4FE0 /* Release */ = {
			isa = XCBuildConfiguration;
			buildSettings = {
				ASSETCATALOG_COMPILER_APPICON_NAME = AppIcon;
				ASSETCATALOG_COMPILER_GLOBAL_ACCENT_COLOR_NAME = AccentColor;
				CODE_SIGN_STYLE = Automatic;
				INFOPLIST_FILE = "100DaysOfSwift-Project11/Info.plist";
				LD_RUNPATH_SEARCH_PATHS = (
					"$(inherited)",
					"@executable_path/Frameworks",
				);
				PRODUCT_BUNDLE_IDENTIFIER = "co.joaocervo.-00DaysOfSwift-Project11";
				PRODUCT_NAME = "$(TARGET_NAME)";
				SWIFT_VERSION = 5.0;
				TARGETED_DEVICE_FAMILY = "1,2";
			};
			name = Release;
		};
/* End XCBuildConfiguration section */

/* Begin XCConfigurationList section */
		8492D40325DFF71E001A4FE0 /* Build configuration list for PBXProject "100DaysOfSwift-Project11" */ = {
			isa = XCConfigurationList;
			buildConfigurations = (
				8492D41B25DFF724001A4FE0 /* Debug */,
				8492D41C25DFF724001A4FE0 /* Release */,
			);
			defaultConfigurationIsVisible = 0;
			defaultConfigurationName = Release;
		};
		8492D41D25DFF724001A4FE0 /* Build configuration list for PBXNativeTarget "100DaysOfSwift-Project11" */ = {
			isa = XCConfigurationList;
			buildConfigurations = (
				8492D41E25DFF724001A4FE0 /* Debug */,
				8492D41F25DFF724001A4FE0 /* Release */,
			);
			defaultConfigurationIsVisible = 0;
			defaultConfigurationName = Release;
		};
/* End XCConfigurationList section */
	};
	rootObject = 8492D40025DFF71E001A4FE0 /* Project object */;
}
